{
  "name": "m01-wagons-generator",
  "version": "0.1.0",
  "lockfileVersion": 3,
  "requires": true,
  "packages": {
    "": {
      "name": "m01-wagons-generator",
      "version": "0.1.0",
      "dependencies": {
        "@gltf-transform/core": "4.5.1",
        "meshoptimizer": "1.3.0",
        "pngjs": "7.0.0"
      },
      "engines": {
        "node": ">=22.12.0"
      }
    },
    "node_modules/@gltf-transform/core": {
      "version": "4.5.1",
      "resolved": "https://registry.npmjs.org/@gltf-transform/core/-/core-4.5.1.tgz",
      "integrity": "sha512-OWgBYssKHKoXMIrMb2N20jXqWRnMP9HdtcTFQBEAJtz4P+OOxx5fozl5eAeK7nktIs5uDE/lu4NbkE5VCZaR9g==",
      "license": "MIT",
      "dependencies": {
        "property-graph": "^4.1.0"
      },
      "funding": {
        "url": "https://github.com/sponsors/donmccurdy"
      }
    },
    "node_modules/meshoptimizer": {
      "version": "1.3.0",
      "resolved": "https://registry.npmjs.org/meshoptimizer/-/meshoptimizer-1.3.0.tgz",
      "integrity": "sha512-2oZqMAcEEiCtXWUjIGtZ71oPx1B0ZxYGTqIKsXB1wzWFhleNsCFxQuUJzgCV706bRcwPWtMGf1odmQvAcqKkIw==",
      "license": "MIT"
    },
    "node_modules/pngjs": {
      "version": "7.0.0",
      "resolved": "https://registry.npmjs.org/pngjs/-/pngjs-7.0.0.tgz",
      "integrity": "sha512-LKWqWJRhstyYo9pGvgor/ivk2w94eSjE3RGVuzLGlr3NmD8bf7RcYGze1mNdEHRP6TRP6rMuDHk5t44hnTRyow==",
      "license": "MIT",
      "engines": {
        "node": ">=14.19.0"
      }
    },
    "node_modules/property-graph": {
      "version": "4.1.0",
      "resolved": "https://registry.npmjs.org/property-graph/-/property-graph-4.1.0.tgz",
      "integrity": "sha512-AvPcP7XECNWy4LGmFQ77k7un4lSKM4eS29PTvW4ck95uYeLxXPWJM7hLuBqK91FaHqCcgJvIUCuNJjjxKE7VKQ==",
      "license": "MIT"
    }
  }
}
